
Microsoft Visual Studio Solution File, Format Version 12.00
# Visual Studio Version 16
VisualStudioVersion = 16.0.29728.190
MinimumVisualStudioVersion = 10.0.40219.1
Project("{FAE04EC0-301F-11D3-BF4B-00C04F79EFBC}") = "test", "test.csproj", "{D3DF5DE9-CCD5-457F-904E-0E9D3EA8D68B}"
EndProject
Global
	GlobalSection(SolutionConfigurationPlatforms) = preSolution
		Debug|Any CPU = Debug|Any CPU
		Release|Any CPU = Release|Any CPU
	EndGlobalSection
	GlobalSection(ProjectConfigurationPlatforms) = postSolution
		{D3DF5DE9-CCD5-457F-904E-0E9D3EA8D68B}.Debug|Any CPU.ActiveCfg = Debug|Any CPU
		{D3DF5DE9-CCD5-457F-904E-0E9D3EA8D68B}.Debug|Any CPU.Build.0 = Debug|Any CPU
		{D3DF5DE9-CCD5-457F-904E-0E9D3EA8D68B}.Release|Any CPU.ActiveCfg = Release|Any CPU
		{D3DF5DE9-CCD5-457F-904E-0E9D3EA8D68B}.Release|Any CPU.Build.0 = Release|Any CPU
	EndGlobalSection
	GlobalSection(SolutionProperties) = preSolution
		HideSolutionNode = FALSE
	EndGlobalSection
	GlobalSection(ExtensibilityGlobals) = postSolution
		SolutionGuid = {39C17AA9-74BC-4A06-94BA-6B2F667E7553}
	EndGlobalSection
EndGlobal
